// !$*UTF8*$!
{
	archiveVersion = 1;
	classes = {
	};
	objectVersion = 77;
	objects = {

/* Begin PBXBuildFile section */
		9FE7C031DBD92C793E99296C /* SwiftUILabApp.swift in Sources */ = {isa = PBXBuildFile; fileRef = F7ED54327AE501FCA4CE4AF2 /* SwiftUILabApp.swift */; };
		F84E5000E427CB4FD41558F9 /* ContentView.swift in Sources */ = {isa = PBXBuildFile; fileRef = 13AC818C69F1E4295E47E0DA /* ContentView.swift */; };
/* End PBXBuildFile section */

/* Begin PBXContainerItemProxy section */
		128BEEED7BB065594796CC92 /* PBXContainerItemProxy */ = {
			isa = PBXContainerItemProxy;
			containerPortal = 36A8B1F00388F30B42893116 /* Project object */;
			proxyType = 1;
			remoteGlobalIDString = A3E69B963E579D5078342C93;
			remoteInfo = SwiftUILab;
		};
		BCF544639FCC40587EC19E9F /* PBXContainerItemProxy */ = {
			isa = PBXContainerItemProxy;
			containerPortal = 36A8B1F00388F30B42893116 /* Project object */;
			proxyType = 1;
			remoteGlobalIDString = A3E69B963E579D5078342C93;
			remoteInfo = SwiftUILab;
		};
/* End PBXContainerItemProxy section */

/* Begin PBXFileReference section */
		13AC818C69F1E4295E47E0DA /* ContentView.swift */ = {isa = PBXFileReference; lastKnownFileType = sourcecode.swift; path = ContentView.swift; sourceTree = "<group>"; };
		189A7D63A1E3246F2DE40B00 /* SwiftUILab-Release.xcconfig */ = {isa = PBXFileReference; lastKnownFileType = text.xcconfig; path = "SwiftUILab-Release.xcconfig"; sourceTree = "<group>"; };
		1DA41D4502BAB196ABB4D62C /* SwiftUILabTests.xctest */ = {isa = PBXFileReference; includeInIndex = 0; lastKnownFileType = wrapper.cfbundle; path = SwiftUILabTests.xctest; sourceTree = BUILT_PRODUCTS_DIR; };
		395CF46F0EF35E80860B9AA2 /* SwiftUILab.app */ = {isa = PBXFileReference; includeInIndex = 0; lastKnownFileType = wrapper.application; path = SwiftUILab.app; sourceTree = BUILT_PRODUCTS_DIR; };
		5EB8EDA1CFEC13C9059D12AE /* SwiftUILabUITests.xctest */ = {isa = PBXFileReference; includeInIndex = 0; lastKnownFileType = wrapper.cfbundle; path = SwiftUILabUITests.xctest; sourceTree = BUILT_PRODUCTS_DIR; };
		701663D81C7CEC52857150BE /* SwiftUILab-Debug.xcconfig */ = {isa = PBXFileReference; lastKnownFileType = text.xcconfig; path = "SwiftUILab-Debug.xcconfig"; sourceTree = "<group>"; };
		CA70E212D41A9F29965EDDD4 /* Release.xcconfig */ = {isa = PBXFileReference; lastKnownFileType = text.xcconfig; path = Release.xcconfig; sourceTree = "<group>"; };
		D4AC116E2BA032490E59207D /* Debug.xcconfig */ = {isa = PBXFileReference; lastKnownFileType = text.xcconfig; path = Debug.xcconfig; sourceTree = "<group>"; };
		F7ED54327AE501FCA4CE4AF2 /* SwiftUILabApp.swift */ = {isa = PBXFileReference; lastKnownFileType = sourcecode.swift; path = SwiftUILabApp.swift; sourceTree = "<group>"; };
/* End PBXFileReference section */

/* Begin PBXGroup section */
		120223BAC2B9F6CAAA4FD7F0 /* SwiftUILab */ = {
			isa = PBXGroup;
			children = (
				13AC818C69F1E4295E47E0DA /* ContentView.swift */,
				F7ED54327AE501FCA4CE4AF2 /* SwiftUILabApp.swift */,
			);
			path = SwiftUILab;
			sourceTree = "<group>";
		};
		718E8C390F6F4547A4207A72 /* Products */ = {
			isa = PBXGroup;
			children = (
				395CF46F0EF35E80860B9AA2 /* SwiftUILab.app */,
				1DA41D4502BAB196ABB4D62C /* SwiftUILabTests.xctest */,
				5EB8EDA1CFEC13C9059D12AE /* SwiftUILabUITests.xctest */,
			);
			name = Products;
			sourceTree = "<group>";
		};
		97DC43A1DD5E2F6BAEF7B789 /* Configs */ = {
			isa = PBXGroup;
			children = (
				D4AC116E2BA032490E59207D /* Debug.xcconfig */,
				CA70E212D41A9F29965EDDD4 /* Release.xcconfig */,
				701663D81C7CEC52857150BE /* SwiftUILab-Debug.xcconfig */,
				189A7D63A1E3246F2DE40B00 /* SwiftUILab-Release.xcconfig */,
			);
			path = Configs;
			sourceTree = "<group>";
		};
		C1378AC99FEC99471F6DF2FA = {
			isa = PBXGroup;
			children = (
				97DC43A1DD5E2F6BAEF7B789 /* Configs */,
				120223BAC2B9F6CAAA4FD7F0 /* SwiftUILab */,
				718E8C390F6F4547A4207A72 /* Products */,
			);
			sourceTree = "<group>";
		};
/* End PBXGroup section */

/* Begin PBXNativeTarget section */
		14EF86E149140E54C65F0829 /* SwiftUILabTests */ = {
			isa = PBXNativeTarget;
			buildConfigurationList = D1BB85A289071DFF4EFA5D17 /* Build configuration list for PBXNativeTarget "SwiftUILabTests" */;
			buildPhases = (
				0A839F57694F52FDEFD46340 /* Sources */,
			);
			buildRules = (
			);
			dependencies = (
			);
			name = SwiftUILabTests;
			packageProductDependencies = (
			);
			productName = SwiftUILabTests;
			productReference = 1DA41D4502BAB196ABB4D62C /* SwiftUILabTests.xctest */;
			productType = "com.apple.product-type.bundle.unit-test";
		};
		1B04579325CAB4763EC5B055 /* SwiftUILabUITests */ = {
			isa = PBXNativeTarget;
			buildConfigurationList = BDD3DB8AA5C02CF8F068CBB8 /* Build configuration list for PBXNativeTarget "SwiftUILabUITests" */;
			buildPhases = (
				B6AE9A09760CFE2623325115 /* Sources */,
			);
			buildRules = (
			);
			dependencies = (
			);
			name = SwiftUILabUITests;
			packageProductDependencies = (
			);
			productName = SwiftUILabUITests;
			productReference = 5EB8EDA1CFEC13C9059D12AE /* SwiftUILabUITests.xctest */;
			productType = "com.apple.product-type.bundle.ui-testing";
		};
		A3E69B963E579D5078342C93 /* SwiftUILab */ = {
			isa = PBXNativeTarget;
			buildConfigurationList = EA2709A9D2CD3578E1E3C357 /* Build configuration list for PBXNativeTarget "SwiftUILab" */;
			buildPhases = (
				DE3E3AF55B0CCCCC41036105 /* Sources */,
			);
			buildRules = (
			);
			dependencies = (
			);
			name = SwiftUILab;
			packageProductDependencies = (
			);
			productName = SwiftUILab;
			productReference = 395CF46F0EF35E80860B9AA2 /* SwiftUILab.app */;
			productType = "com.apple.product-type.application";
		};
/* End PBXNativeTarget section */

/* Begin PBXProject section */
		36A8B1F00388F30B42893116 /* Project object */ = {
			isa = PBXProject;
			attributes = {
				BuildIndependentTargetsInParallel = YES;
				LastUpgradeCheck = 1430;
				TargetAttributes = {
					A3E69B963E579D5078342C93 = {
						DevelopmentTeam = TENQMTMR26;
					};
				};
			};
			buildConfigurationList = BF975A74A416B2E2B2A3B20B /* Build configuration list for PBXProject "SwiftUILab" */;
			compatibilityVersion = "Xcode 14.0";
			developmentRegion = en;
			hasScannedForEncodings = 0;
			knownRegions = (
				Base,
				en,
			);
			mainGroup = C1378AC99FEC99471F6DF2FA;
			minimizedProjectReferenceProxies = 1;
			preferredProjectObjectVersion = 77;
			projectDirPath = "";
			projectRoot = "";
			targets = (
				A3E69B963E579D5078342C93 /* SwiftUILab */,
				14EF86E149140E54C65F0829 /* SwiftUILabTests */,
				1B04579325CAB4763EC5B055 /* SwiftUILabUITests */,
			);
		};
/* End PBXProject section */

/* Begin PBXSourcesBuildPhase section */
		0A839F57694F52FDEFD46340 /* Sources */ = {
			isa = PBXSourcesBuildPhase;
			buildActionMask = 2147483647;
			files = (
			);
			runOnlyForDeploymentPostprocessing = 0;
		};
		B6AE9A09760CFE2623325115 /* Sources */ = {
			isa = PBXSourcesBuildPhase;
			buildActionMask = 2147483647;
			files = (
			);
			runOnlyForDeploymentPostprocessing = 0;
		};
		DE3E3AF55B0CCCCC41036105 /* Sources */ = {
			isa = PBXSourcesBuildPhase;
			buildActionMask = 2147483647;
			files = (
				F84E5000E427CB4FD41558F9 /* ContentView.swift in Sources */,
				9FE7C031DBD92C793E99296C /* SwiftUILabApp.swift in Sources */,
			);
			runOnlyForDeploymentPostprocessing = 0;
		};
/* End PBXSourcesBuildPhase section */

/* Begin XCBuildConfiguration section */
		0D6A3BD982E812B8B5D1A832 /* Release */ = {
			isa = XCBuildConfiguration;
			baseConfigurationReference = 189A7D63A1E3246F2DE40B00 /* SwiftUILab-Release.xcconfig */;
			buildSettings = {
				DEVELOPMENT_TEAM = TENQMTMR26;
				GENERATE_INFOPLIST_FILE = YES;
				IPHONEOS_DEPLOYMENT_TARGET = 17.5;
				PRODUCT_BUNDLE_IDENTIFIER = com.masahikokobayashi.SwiftUILab;
				PRODUCT_NAME = "$(TARGET_NAME)";
				SUPPORTED_PLATFORMS = "iphoneos iphonesimulator";
				SUPPORTS_MACCATALYST = NO;
				SUPPORTS_MAC_DESIGNED_FOR_IPHONE_IPAD = NO;
				SUPPORTS_XR_DESIGNED_FOR_IPHONE_IPAD = NO;
				SWIFT_VERSION = 6.1;
				TARGETED_DEVICE_FAMILY = 1;
			};
			name = Release;
		};
		706116F36EA2AF7031FB3418 /* Release */ = {
			isa = XCBuildConfiguration;
			buildSettings = {
			};
			name = Release;
		};
		75B879D7FFDEA5EBD692FD62 /* Debug */ = {
			isa = XCBuildConfiguration;
			buildSettings = {
			};
			name = Debug;
		};
		8BF0262CBA076E28BA943D5C /* Debug */ = {
			isa = XCBuildConfiguration;
			baseConfigurationReference = 701663D81C7CEC52857150BE /* SwiftUILab-Debug.xcconfig */;
			buildSettings = {
				DEVELOPMENT_TEAM = TENQMTMR26;
				GENERATE_INFOPLIST_FILE = YES;
				IPHONEOS_DEPLOYMENT_TARGET = 17.5;
				PRODUCT_BUNDLE_IDENTIFIER = com.masahikokobayashi.SwiftUILab;
				PRODUCT_NAME = "$(TARGET_NAME)";
				SUPPORTED_PLATFORMS = "iphoneos iphonesimulator";
				SUPPORTS_MACCATALYST = NO;
				SUPPORTS_MAC_DESIGNED_FOR_IPHONE_IPAD = NO;
				SUPPORTS_XR_DESIGNED_FOR_IPHONE_IPAD = NO;
				SWIFT_VERSION = 6.1;
				TARGETED_DEVICE_FAMILY = 1;
			};
			name = Debug;
		};
		99E417E750D6549CB4998808 /* Release */ = {
			isa = XCBuildConfiguration;
			buildSettings = {
			};
			name = Release;
		};
		9F121BA6A0316F1A295D654F /* Debug */ = {
			isa = XCBuildConfiguration;
			baseConfigurationReference = D4AC116E2BA032490E59207D /* Debug.xcconfig */;
			buildSettings = {
				ALWAYS_SEARCH_USER_PATHS = NO;
				COPY_PHASE_STRIP = NO;
				DEBUG_INFORMATION_FORMAT = dwarf;
				SDKROOT = iphoneos;
				SWIFT_OPTIMIZATION_LEVEL = "-Onone";
			};
			name = Debug;
		};
		E3E775BFD302363A5718E630 /* Release */ = {
			isa = XCBuildConfiguration;
			baseConfigurationReference = CA70E212D41A9F29965EDDD4 /* Release.xcconfig */;
			buildSettings = {
				ALWAYS_SEARCH_USER_PATHS = NO;
				COPY_PHASE_STRIP = NO;
				DEBUG_INFORMATION_FORMAT = "dwarf-with-dsym";
				SDKROOT = iphoneos;
				SWIFT_COMPILATION_MODE = wholemodule;
				SWIFT_OPTIMIZATION_LEVEL = "-O";
			};
			name = Release;
		};
		FC1F6E3AC7BA4ECCBAC10211 /* Debug */ = {
			isa = XCBuildConfiguration;
			buildSettings = {
			};
			name = Debug;
		};
/* End XCBuildConfiguration section */

/* Begin XCConfigurationList section */
		BDD3DB8AA5C02CF8F068CBB8 /* Build configuration list for PBXNativeTarget "SwiftUILabUITests" */ = {
			isa = XCConfigurationList;
			buildConfigurations = (
				75B879D7FFDEA5EBD692FD62 /* Debug */,
				706116F36EA2AF7031FB3418 /* Release */,
			);
			defaultConfigurationIsVisible = 0;
			defaultConfigurationName = Debug;
		};
		BF975A74A416B2E2B2A3B20B /* Build configuration list for PBXProject "SwiftUILab" */ = {
			isa = XCConfigurationList;
			buildConfigurations = (
				9F121BA6A0316F1A295D654F /* Debug */,
				E3E775BFD302363A5718E630 /* Release */,
			);
			defaultConfigurationIsVisible = 0;
			defaultConfigurationName = Debug;
		};
		D1BB85A289071DFF4EFA5D17 /* Build configuration list for PBXNativeTarget "SwiftUILabTests" */ = {
			isa = XCConfigurationList;
			buildConfigurations = (
				FC1F6E3AC7BA4ECCBAC10211 /* Debug */,
				99E417E750D6549CB4998808 /* Release */,
			);
			defaultConfigurationIsVisible = 0;
			defaultConfigurationName = Debug;
		};
		EA2709A9D2CD3578E1E3C357 /* Build configuration list for PBXNativeTarget "SwiftUILab" */ = {
			isa = XCConfigurationList;
			buildConfigurations = (
				8BF0262CBA076E28BA943D5C /* Debug */,
				0D6A3BD982E812B8B5D1A832 /* Release */,
			);
			defaultConfigurationIsVisible = 0;
			defaultConfigurationName = Debug;
		};
/* End XCConfigurationList section */
	};
	rootObject = 36A8B1F00388F30B42893116 /* Project object */;
}
