// !$*UTF8*$!
{
	archiveVersion = 1;
	classes = {
	};
	objectVersion = 77;
	objects = {

/* Begin PBXBuildFile section */
		9FE7C031DBD92C793E99296C /* SwiftUILabApp.swift in Sources */ = {isa = PBXBuildFile; fileRef = F7ED54327AE501FCA4CE4AF2 /* SwiftUILabApp.swift */; };
/* End PBXBuildFile section */

/* Begin PBXFileReference section */
		189A7D63A1E3246F2DE40B00 /* SwiftUILab-Release.xcconfig */ = {isa = PBXFileReference; lastKnownFileType = text.xcconfig; path = "SwiftUILab-Release.xcconfig"; sourceTree = "<group>"; };
		395CF46F0EF35E80860B9AA2 /* SwiftUILab.app */ = {isa = PBXFileReference; includeInIndex = 0; lastKnownFileType = wrapper.application; path = SwiftUILab.app; sourceTree = BUILT_PRODUCTS_DIR; };
		701663D81C7CEC52857150BE /* SwiftUILab-Debug.xcconfig */ = {isa = PBXFileReference; lastKnownFileType = text.xcconfig; path = "SwiftUILab-Debug.xcconfig"; sourceTree = "<group>"; };
		CA70E212D41A9F29965EDDD4 /* Release.xcconfig */ = {isa = PBXFileReference; lastKnownFileType = text.xcconfig; path = Release.xcconfig; sourceTree = "<group>"; };
		D4AC116E2BA032490E59207D /* Debug.xcconfig */ = {isa = PBXFileReference; lastKnownFileType = text.xcconfig; path = Debug.xcconfig; sourceTree = "<group>"; };
		F7ED54327AE501FCA4CE4AF2 /* SwiftUILabApp.swift */ = {isa = PBXFileReference; lastKnownFileType = sourcecode.swift; path = SwiftUILabApp.swift; sourceTree = "<group>"; };
/* End PBXFileReference section */

/* Begin PBXGroup section */
		120223BAC2B9F6CAAA4FD7F0 /* SwiftUILab */ = {
			isa = PBXGroup;
			children = (
				F7ED54327AE501FCA4CE4AF2 /* SwiftUILabApp.swift */,
			);
			path = SwiftUILab;
			sourceTree = "<group>";
		};
		718E8C390F6F4547A4207A72 /* Products */ = {
			isa = PBXGroup;
			children = (
				395CF46F0EF35E80860B9AA2 /* SwiftUILab.app */,
			);
			name = Products;
			sourceTree = "<group>";
		};
		97DC43A1DD5E2F6BAEF7B789 /* Configs */ = {
			isa = PBXGroup;
			children = (
				D4AC116E2BA032490E59207D /* Debug.xcconfig */,
				CA70E212D41A9F29965EDDD4 /* Release.xcconfig */,
				701663D81C7CEC52857150BE /* SwiftUILab-Debug.xcconfig */,
				189A7D63A1E3246F2DE40B00 /* SwiftUILab-Release.xcconfig */,
			);
			path = Configs;
			sourceTree = "<group>";
		};
		C1378AC99FEC99471F6DF2FA = {
			isa = PBXGroup;
			children = (
				97DC43A1DD5E2F6BAEF7B789 /* Configs */,
				120223BAC2B9F6CAAA4FD7F0 /* SwiftUILab */,
				718E8C390F6F4547A4207A72 /* Products */,
			);
			sourceTree = "<group>";
		};
/* End PBXGroup section */

/* Begin PBXNativeTarget section */
		A3E69B963E579D5078342C93 /* SwiftUILab */ = {
			isa = PBXNativeTarget;
			buildConfigurationList = EA2709A9D2CD3578E1E3C357 /* Build configuration list for PBXNativeTarget "SwiftUILab" */;
			buildPhases = (
				DE3E3AF55B0CCCCC41036105 /* Sources */,
			);
			buildRules = (
			);
			dependencies = (
			);
			name = SwiftUILab;
			packageProductDependencies = (
			);
			productName = SwiftUILab;
			productReference = 395CF46F0EF35E80860B9AA2 /* SwiftUILab.app */;
			productType = "com.apple.product-type.application";
		};
/* End PBXNativeTarget section */

/* Begin PBXProject section */
		36A8B1F00388F30B42893116 /* Project object */ = {
			isa = PBXProject;
			attributes = {
				BuildIndependentTargetsInParallel = YES;
				LastUpgradeCheck = 1430;
				TargetAttributes = {
					A3E69B963E579D5078342C93 = {
						DevelopmentTeam = TENQMTMR26;
					};
				};
			};
			buildConfigurationList = BF975A74A416B2E2B2A3B20B /* Build configuration list for PBXProject "SwiftUILab" */;
			compatibilityVersion = "Xcode 14.0";
			developmentRegion = en;
			hasScannedForEncodings = 0;
			knownRegions = (
				Base,
				en,
			);
			mainGroup = C1378AC99FEC99471F6DF2FA;
			minimizedProjectReferenceProxies = 1;
			preferredProjectObjectVersion = 77;
			projectDirPath = "";
			projectRoot = "";
			targets = (
				A3E69B963E579D5078342C93 /* SwiftUILab */,
			);
		};
/* End PBXProject section */

/* Begin PBXSourcesBuildPhase section */
		DE3E3AF55B0CCCCC41036105 /* Sources */ = {
			isa = PBXSourcesBuildPhase;
			buildActionMask = 2147483647;
			files = (
				9FE7C031DBD92C793E99296C /* SwiftUILabApp.swift in Sources */,
			);
			runOnlyForDeploymentPostprocessing = 0;
		};
/* End PBXSourcesBuildPhase section */

/* Begin XCBuildConfiguration section */
		0D6A3BD982E812B8B5D1A832 /* Release */ = {
			isa = XCBuildConfiguration;
			baseConfigurationReference = 189A7D63A1E3246F2DE40B00 /* SwiftUILab-Release.xcconfig */;
			buildSettings = {
				DEVELOPMENT_TEAM = TENQMTMR26;
				GENERATE_INFOPLIST_FILE = YES;
				IPHONEOS_DEPLOYMENT_TARGET = 17.5;
				PRODUCT_BUNDLE_IDENTIFIER = com.masahikokobayashi.SwiftUILab;
				SUPPORTED_PLATFORMS = "iphoneos iphonesimulator";
				SUPPORTS_MACCATALYST = NO;
				SUPPORTS_MAC_DESIGNED_FOR_IPHONE_IPAD = NO;
				SUPPORTS_XR_DESIGNED_FOR_IPHONE_IPAD = NO;
				SWIFT_VERSION = 6.1;
				TARGETED_DEVICE_FAMILY = 1;
			};
			name = Release;
		};
		8BF0262CBA076E28BA943D5C /* Debug */ = {
			isa = XCBuildConfiguration;
			baseConfigurationReference = 701663D81C7CEC52857150BE /* SwiftUILab-Debug.xcconfig */;
			buildSettings = {
				DEVELOPMENT_TEAM = TENQMTMR26;
				GENERATE_INFOPLIST_FILE = YES;
				IPHONEOS_DEPLOYMENT_TARGET = 17.5;
				PRODUCT_BUNDLE_IDENTIFIER = com.masahikokobayashi.SwiftUILab;
				SUPPORTED_PLATFORMS = "iphoneos iphonesimulator";
				SUPPORTS_MACCATALYST = NO;
				SUPPORTS_MAC_DESIGNED_FOR_IPHONE_IPAD = NO;
				SUPPORTS_XR_DESIGNED_FOR_IPHONE_IPAD = NO;
				SWIFT_VERSION = 6.1;
				TARGETED_DEVICE_FAMILY = 1;
			};
			name = Debug;
		};
		9F121BA6A0316F1A295D654F /* Debug */ = {
			isa = XCBuildConfiguration;
			baseConfigurationReference = D4AC116E2BA032490E59207D /* Debug.xcconfig */;
			buildSettings = {
				ALWAYS_SEARCH_USER_PATHS = NO;
				SDKROOT = iphoneos;
			};
			name = Debug;
		};
		E3E775BFD302363A5718E630 /* Release */ = {
			isa = XCBuildConfiguration;
			baseConfigurationReference = CA70E212D41A9F29965EDDD4 /* Release.xcconfig */;
			buildSettings = {
				ALWAYS_SEARCH_USER_PATHS = NO;
				SDKROOT = iphoneos;
			};
			name = Release;
		};
/* End XCBuildConfiguration section */

/* Begin XCConfigurationList section */
		BF975A74A416B2E2B2A3B20B /* Build configuration list for PBXProject "SwiftUILab" */ = {
			isa = XCConfigurationList;
			buildConfigurations = (
				9F121BA6A0316F1A295D654F /* Debug */,
				E3E775BFD302363A5718E630 /* Release */,
			);
			defaultConfigurationIsVisible = 0;
			defaultConfigurationName = Debug;
		};
		EA2709A9D2CD3578E1E3C357 /* Build configuration list for PBXNativeTarget "SwiftUILab" */ = {
			isa = XCConfigurationList;
			buildConfigurations = (
				8BF0262CBA076E28BA943D5C /* Debug */,
				0D6A3BD982E812B8B5D1A832 /* Release */,
			);
			defaultConfigurationIsVisible = 0;
			defaultConfigurationName = Debug;
		};
/* End XCConfigurationList section */
	};
	rootObject = 36A8B1F00388F30B42893116 /* Project object */;
}
