// !$*UTF8*$!
{
	archiveVersion = 1;
	classes = {
	};
	objectVersion = 77;
	objects = {

/* Begin PBXGroup section */
		718E8C390F6F4547A4207A72 /* Products */ = {
			isa = PBXGroup;
			children = (
			);
			name = Products;
			sourceTree = "<group>";
		};
		C1378AC99FEC99471F6DF2FA = {
			isa = PBXGroup;
			children = (
				718E8C390F6F4547A4207A72 /* Products */,
			);
			sourceTree = "<group>";
		};
/* End PBXGroup section */

/* Begin PBXProject section */
		36A8B1F00388F30B42893116 /* Project object */ = {
			isa = PBXProject;
			attributes = {
				BuildIndependentTargetsInParallel = YES;
				LastUpgradeCheck = 1430;
			};
			buildConfigurationList = BF975A74A416B2E2B2A3B20B /* Build configuration list for PBXProject "SwiftUILab" */;
			compatibilityVersion = "Xcode 14.0";
			developmentRegion = en;
			hasScannedForEncodings = 0;
			mainGroup = C1378AC99FEC99471F6DF2FA;
			minimizedProjectReferenceProxies = 1;
		};
/* End PBXProject section */
	};
	rootObject = 36A8B1F00388F30B42893116 /* Project object */;
}
